
Microsoft Visual Studio Solution File, Format Version 12.00
# Visual Studio Version 17
VisualStudioVersion = 17.0.31912.275
MinimumVisualStudioVersion = 10.0.40219.1
Project("{FAE04EC0-301F-11D3-BF4B-00C04F79EFBC}") = "Car Specs", "Car Specs.csproj", "{5066F362-0017-4531-81B6-5A8E84451AAF}"
EndProject
Global
	GlobalSection(SolutionConfigurationPlatforms) = preSolution
		Debug|Any CPU = Debug|Any CPU
		Release|Any CPU = Release|Any CPU
	EndGlobalSection
	GlobalSection(ProjectConfigurationPlatforms) = postSolution
		{5066F362-0017-4531-81B6-5A8E84451AAF}.Debug|Any CPU.ActiveCfg = Debug|Any CPU
		{5066F362-0017-4531-81B6-5A8E84451AAF}.Debug|Any CPU.Build.0 = Debug|Any CPU
		{5066F362-0017-4531-81B6-5A8E84451AAF}.Release|Any CPU.ActiveCfg = Release|Any CPU
		{5066F362-0017-4531-81B6-5A8E84451AAF}.Release|Any CPU.Build.0 = Release|Any CPU
	EndGlobalSection
	GlobalSection(SolutionProperties) = preSolution
		HideSolutionNode = FALSE
	EndGlobalSection
	GlobalSection(ExtensibilityGlobals) = postSolution
		SolutionGuid = {B9229A4E-D984-4291-8035-AA04DB51B2B5}
	EndGlobalSection
EndGlobal
